
Microsoft Visual Studio Solution File, Format Version 12.00
# Visual Studio 15
VisualStudioVersion = 15.0.28307.329
MinimumVisualStudioVersion = 10.0.40219.1
Project("{9A19103F-16F7-4668-BE54-9A1E7A4F7556}") = "JeffTestApp", "JeffTestApp\JeffTestApp.csproj", "{3635C153-A829-43CC-83ED-6917E196542E}"
EndProject
Project("{FAE04EC0-301F-11D3-BF4B-00C04F79EFBC}") = "XUnitTestProject1", "XUnitTestProject1\XUnitTestProject1.csproj", "{924D8CFA-B60B-4D09-BA23-065473182C21}"
EndProject
Global
	GlobalSection(SolutionConfigurationPlatforms) = preSolution
		Debug|Any CPU = Debug|Any CPU
		Release|Any CPU = Release|Any CPU
	EndGlobalSection
	GlobalSection(ProjectConfigurationPlatforms) = postSolution
		{3635C153-A829-43CC-83ED-6917E196542E}.Debug|Any CPU.ActiveCfg = Debug|Any CPU
		{3635C153-A829-43CC-83ED-6917E196542E}.Debug|Any CPU.Build.0 = Debug|Any CPU
		{3635C153-A829-43CC-83ED-6917E196542E}.Release|Any CPU.ActiveCfg = Release|Any CPU
		{3635C153-A829-43CC-83ED-6917E196542E}.Release|Any CPU.Build.0 = Release|Any CPU
		{924D8CFA-B60B-4D09-BA23-065473182C21}.Debug|Any CPU.ActiveCfg = Debug|Any CPU
		{924D8CFA-B60B-4D09-BA23-065473182C21}.Debug|Any CPU.Build.0 = Debug|Any CPU
		{924D8CFA-B60B-4D09-BA23-065473182C21}.Release|Any CPU.ActiveCfg = Release|Any CPU
		{924D8CFA-B60B-4D09-BA23-065473182C21}.Release|Any CPU.Build.0 = Release|Any CPU
	EndGlobalSection
	GlobalSection(SolutionProperties) = preSolution
		HideSolutionNode = FALSE
	EndGlobalSection
	GlobalSection(ExtensibilityGlobals) = postSolution
		SolutionGuid = {4083B4D4-4032-47FA-9AF9-D2E20AB63BD0}
	EndGlobalSection
EndGlobal
